
Microsoft Visual Studio Solution File, Format Version 12.00
# Visual Studio Version 16
VisualStudioVersion = 16.0.30011.22
MinimumVisualStudioVersion = 10.0.40219.1
Project("{FAE04EC0-301F-11D3-BF4B-00C04F79EFBC}") = "COVID", "COVID\COVID.csproj", "{A89FB2DC-C175-4FC4-91EC-7BF0121EF122}"
EndProject
Global
	GlobalSection(SolutionConfigurationPlatforms) = preSolution
		Debug|Any CPU = Debug|Any CPU
		Release|Any CPU = Release|Any CPU
	EndGlobalSection
	GlobalSection(ProjectConfigurationPlatforms) = postSolution
		{A89FB2DC-C175-4FC4-91EC-7BF0121EF122}.Debug|Any CPU.ActiveCfg = Debug|Any CPU
		{A89FB2DC-C175-4FC4-91EC-7BF0121EF122}.Debug|Any CPU.Build.0 = Debug|Any CPU
		{A89FB2DC-C175-4FC4-91EC-7BF0121EF122}.Release|Any CPU.ActiveCfg = Release|Any CPU
		{A89FB2DC-C175-4FC4-91EC-7BF0121EF122}.Release|Any CPU.Build.0 = Release|Any CPU
	EndGlobalSection
	GlobalSection(SolutionProperties) = preSolution
		HideSolutionNode = FALSE
	EndGlobalSection
	GlobalSection(ExtensibilityGlobals) = postSolution
		SolutionGuid = {18F71DC8-178A-4C57-AE68-FDB5848F0A7A}
	EndGlobalSection
EndGlobal
